
Microsoft Visual Studio Solution File, Format Version 12.00
# Visual Studio Version 17
VisualStudioVersion = 17.0.31903.59
MinimumVisualStudioVersion = 10.0.40219.1
Project("{2150E333-8FDC-42A3-9474-1A3956D46DE8}") = "src", "src", "{4C7CC788-A86A-4A03-9957-A26BF35AE261}"
EndProject
Project("{FAE04EC0-301F-11D3-BF4B-00C04F79EFBC}") = "VoicevoxCoreSharp.Core", "src\VoicevoxCoreSharp.Core\VoicevoxCoreSharp.Core.csproj", "{D4BCDF64-381D-44D1-A44F-68B351C508ED}"
EndProject
Project("{2150E333-8FDC-42A3-9474-1A3956D46DE8}") = "tests", "tests", "{59135909-2A0A-42B3-B00F-6D730FA25823}"
EndProject
Project("{FAE04EC0-301F-11D3-BF4B-00C04F79EFBC}") = "VoicevoxCoreSharp.Core.Tests", "tests\VoicevoxCoreSharp.Core.Tests\VoicevoxCoreSharp.Core.Tests.csproj", "{806285F7-6FA3-4BEA-A596-5DBD48A6941A}"
EndProject
Project("{2150E333-8FDC-42A3-9474-1A3956D46DE8}") = "examples", "examples", "{4E36224D-8030-459C-A802-07F3E19C2513}"
EndProject
Project("{FAE04EC0-301F-11D3-BF4B-00C04F79EFBC}") = "cli", "examples\cli\cli.csproj", "{FCD543DB-07C3-4201-A66C-006CB842CFE2}"
EndProject
Project("{FAE04EC0-301F-11D3-BF4B-00C04F79EFBC}") = "MAUI", "examples\MAUI\MAUI.csproj", "{309220E2-D985-46E5-8395-5CF577DADC1A}"
EndProject
Project("{FAE04EC0-301F-11D3-BF4B-00C04F79EFBC}") = "VoicevoxCoreSharp.MAUI", "src\VoicevoxCoreSharp.MAUI\VoicevoxCoreSharp.MAUI.csproj", "{21CB00D8-653D-4927-A811-87C7F7F3C241}"
EndProject
Global
	GlobalSection(SolutionConfigurationPlatforms) = preSolution
		Debug|Any CPU = Debug|Any CPU
		Debug|x64 = Debug|x64
		Debug|x86 = Debug|x86
		Release|Any CPU = Release|Any CPU
		Release|x64 = Release|x64
		Release|x86 = Release|x86
	EndGlobalSection
	GlobalSection(ProjectConfigurationPlatforms) = postSolution
		{D4BCDF64-381D-44D1-A44F-68B351C508ED}.Debug|Any CPU.ActiveCfg = Debug|Any CPU
		{D4BCDF64-381D-44D1-A44F-68B351C508ED}.Debug|Any CPU.Build.0 = Debug|Any CPU
		{D4BCDF64-381D-44D1-A44F-68B351C508ED}.Debug|x64.ActiveCfg = Debug|Any CPU
		{D4BCDF64-381D-44D1-A44F-68B351C508ED}.Debug|x64.Build.0 = Debug|Any CPU
		{D4BCDF64-381D-44D1-A44F-68B351C508ED}.Debug|x86.ActiveCfg = Debug|Any CPU
		{D4BCDF64-381D-44D1-A44F-68B351C508ED}.Debug|x86.Build.0 = Debug|Any CPU
		{D4BCDF64-381D-44D1-A44F-68B351C508ED}.Release|Any CPU.ActiveCfg = Release|Any CPU
		{D4BCDF64-381D-44D1-A44F-68B351C508ED}.Release|Any CPU.Build.0 = Release|Any CPU
		{D4BCDF64-381D-44D1-A44F-68B351C508ED}.Release|x64.ActiveCfg = Release|Any CPU
		{D4BCDF64-381D-44D1-A44F-68B351C508ED}.Release|x64.Build.0 = Release|Any CPU
		{D4BCDF64-381D-44D1-A44F-68B351C508ED}.Release|x86.ActiveCfg = Release|Any CPU
		{D4BCDF64-381D-44D1-A44F-68B351C508ED}.Release|x86.Build.0 = Release|Any CPU
		{806285F7-6FA3-4BEA-A596-5DBD48A6941A}.Debug|Any CPU.ActiveCfg = Debug|Any CPU
		{806285F7-6FA3-4BEA-A596-5DBD48A6941A}.Debug|Any CPU.Build.0 = Debug|Any CPU
		{806285F7-6FA3-4BEA-A596-5DBD48A6941A}.Debug|x64.ActiveCfg = Debug|Any CPU
		{806285F7-6FA3-4BEA-A596-5DBD48A6941A}.Debug|x64.Build.0 = Debug|Any CPU
		{806285F7-6FA3-4BEA-A596-5DBD48A6941A}.Debug|x86.ActiveCfg = Debug|Any CPU
		{806285F7-6FA3-4BEA-A596-5DBD48A6941A}.Debug|x86.Build.0 = Debug|Any CPU
		{806285F7-6FA3-4BEA-A596-5DBD48A6941A}.Release|Any CPU.ActiveCfg = Release|Any CPU
		{806285F7-6FA3-4BEA-A596-5DBD48A6941A}.Release|Any CPU.Build.0 = Release|Any CPU
		{806285F7-6FA3-4BEA-A596-5DBD48A6941A}.Release|x64.ActiveCfg = Release|Any CPU
		{806285F7-6FA3-4BEA-A596-5DBD48A6941A}.Release|x64.Build.0 = Release|Any CPU
		{806285F7-6FA3-4BEA-A596-5DBD48A6941A}.Release|x86.ActiveCfg = Release|Any CPU
		{806285F7-6FA3-4BEA-A596-5DBD48A6941A}.Release|x86.Build.0 = Release|Any CPU
		{FCD543DB-07C3-4201-A66C-006CB842CFE2}.Debug|Any CPU.ActiveCfg = Debug|Any CPU
		{FCD543DB-07C3-4201-A66C-006CB842CFE2}.Debug|Any CPU.Build.0 = Debug|Any CPU
		{FCD543DB-07C3-4201-A66C-006CB842CFE2}.Debug|x64.ActiveCfg = Debug|Any CPU
		{FCD543DB-07C3-4201-A66C-006CB842CFE2}.Debug|x64.Build.0 = Debug|Any CPU
		{FCD543DB-07C3-4201-A66C-006CB842CFE2}.Debug|x86.ActiveCfg = Debug|Any CPU
		{FCD543DB-07C3-4201-A66C-006CB842CFE2}.Debug|x86.Build.0 = Debug|Any CPU
		{FCD543DB-07C3-4201-A66C-006CB842CFE2}.Release|Any CPU.ActiveCfg = Release|Any CPU
		{FCD543DB-07C3-4201-A66C-006CB842CFE2}.Release|Any CPU.Build.0 = Release|Any CPU
		{FCD543DB-07C3-4201-A66C-006CB842CFE2}.Release|x64.ActiveCfg = Release|Any CPU
		{FCD543DB-07C3-4201-A66C-006CB842CFE2}.Release|x64.Build.0 = Release|Any CPU
		{FCD543DB-07C3-4201-A66C-006CB842CFE2}.Release|x86.ActiveCfg = Release|Any CPU
		{FCD543DB-07C3-4201-A66C-006CB842CFE2}.Release|x86.Build.0 = Release|Any CPU
		{309220E2-D985-46E5-8395-5CF577DADC1A}.Debug|Any CPU.ActiveCfg = Debug|Any CPU
		{309220E2-D985-46E5-8395-5CF577DADC1A}.Debug|Any CPU.Build.0 = Debug|Any CPU
		{309220E2-D985-46E5-8395-5CF577DADC1A}.Debug|x64.ActiveCfg = Debug|Any CPU
		{309220E2-D985-46E5-8395-5CF577DADC1A}.Debug|x64.Build.0 = Debug|Any CPU
		{309220E2-D985-46E5-8395-5CF577DADC1A}.Debug|x86.ActiveCfg = Debug|Any CPU
		{309220E2-D985-46E5-8395-5CF577DADC1A}.Debug|x86.Build.0 = Debug|Any CPU
		{309220E2-D985-46E5-8395-5CF577DADC1A}.Release|Any CPU.ActiveCfg = Release|Any CPU
		{309220E2-D985-46E5-8395-5CF577DADC1A}.Release|Any CPU.Build.0 = Release|Any CPU
		{309220E2-D985-46E5-8395-5CF577DADC1A}.Release|x64.ActiveCfg = Release|Any CPU
		{309220E2-D985-46E5-8395-5CF577DADC1A}.Release|x64.Build.0 = Release|Any CPU
		{309220E2-D985-46E5-8395-5CF577DADC1A}.Release|x86.ActiveCfg = Release|Any CPU
		{309220E2-D985-46E5-8395-5CF577DADC1A}.Release|x86.Build.0 = Release|Any CPU
		{21CB00D8-653D-4927-A811-87C7F7F3C241}.Debug|Any CPU.ActiveCfg = Debug|Any CPU
		{21CB00D8-653D-4927-A811-87C7F7F3C241}.Debug|Any CPU.Build.0 = Debug|Any CPU
		{21CB00D8-653D-4927-A811-87C7F7F3C241}.Debug|x64.ActiveCfg = Debug|Any CPU
		{21CB00D8-653D-4927-A811-87C7F7F3C241}.Debug|x64.Build.0 = Debug|Any CPU
		{21CB00D8-653D-4927-A811-87C7F7F3C241}.Debug|x86.ActiveCfg = Debug|Any CPU
		{21CB00D8-653D-4927-A811-87C7F7F3C241}.Debug|x86.Build.0 = Debug|Any CPU
		{21CB00D8-653D-4927-A811-87C7F7F3C241}.Release|Any CPU.ActiveCfg = Release|Any CPU
		{21CB00D8-653D-4927-A811-87C7F7F3C241}.Release|Any CPU.Build.0 = Release|Any CPU
		{21CB00D8-653D-4927-A811-87C7F7F3C241}.Release|x64.ActiveCfg = Release|Any CPU
		{21CB00D8-653D-4927-A811-87C7F7F3C241}.Release|x64.Build.0 = Release|Any CPU
		{21CB00D8-653D-4927-A811-87C7F7F3C241}.Release|x86.ActiveCfg = Release|Any CPU
		{21CB00D8-653D-4927-A811-87C7F7F3C241}.Release|x86.Build.0 = Release|Any CPU
	EndGlobalSection
	GlobalSection(SolutionProperties) = preSolution
		HideSolutionNode = FALSE
	EndGlobalSection
	GlobalSection(NestedProjects) = preSolution
		{D4BCDF64-381D-44D1-A44F-68B351C508ED} = {4C7CC788-A86A-4A03-9957-A26BF35AE261}
		{806285F7-6FA3-4BEA-A596-5DBD48A6941A} = {59135909-2A0A-42B3-B00F-6D730FA25823}
		{FCD543DB-07C3-4201-A66C-006CB842CFE2} = {4E36224D-8030-459C-A802-07F3E19C2513}
		{309220E2-D985-46E5-8395-5CF577DADC1A} = {4E36224D-8030-459C-A802-07F3E19C2513}
		{21CB00D8-653D-4927-A811-87C7F7F3C241} = {4C7CC788-A86A-4A03-9957-A26BF35AE261}
	EndGlobalSection
EndGlobal
